speakeasyVersion: 1.476.2
sources:
    JANI Payments:
        sourceNamespace: jani-payments
        sourceRevisionDigest: sha256:f9465a0d97cd6bd74f4b520d77592cf6c3931ba62d54cee9678f18a0ca35b87f
        sourceBlobDigest: sha256:212ff123ddff23ef8c988387b2d8df10fc3807f253c1c29800a6df411ce13281
        tags:
            - latest
            - 1.0.0
targets:
    jani:
        source: JANI Payments
        sourceNamespace: jani-payments
        sourceRevisionDigest: sha256:605cf8d365260197c1e0d939d4155c384f981f964e5674b511f504207a842ec6
        sourceBlobDigest: sha256:66995fb72f38553e3b9a1d4117f7932c37b0dbaf5400c63aef260cbe048c0dd8
        codeSamplesNamespace: jani-payments-typescript-code-samples
        codeSamplesRevisionDigest: sha256:60a2756d83e025522f562d1475b20fa05048606dd9651409a3058883c4f7c7e3
    jani-payments:
        source: JANI Payments
        sourceNamespace: jani-payments
        sourceRevisionDigest: sha256:f9465a0d97cd6bd74f4b520d77592cf6c3931ba62d54cee9678f18a0ca35b87f
        sourceBlobDigest: sha256:212ff123ddff23ef8c988387b2d8df10fc3807f253c1c29800a6df411ce13281
        codeSamplesNamespace: jani-payments-typescript-code-samples
        codeSamplesRevisionDigest: sha256:2c6973a60d429538df27542d6daff51059b0ea0bbbcb031bbc89f180da243c45
workflow:
    workflowVersion: 1.0.0
    speakeasyVersion: latest
    sources:
        JANI Payments:
            inputs:
                - location: https://p5kv4b3h7rzao6bxlzmisxykfe0dragb.lambda-url.us-east-1.on.aws/doc
            transformations:
                - filterOperations:
                    operations: update,create,list
                    exclude: true
            registry:
                location: registry.speakeasyapi.dev/jani-payments/billing/jani-payments
    targets:
        jani-payments:
            target: typescript
            source: JANI Payments
            codeSamples:
                registry:
                    location: registry.speakeasyapi.dev/jani-payments/billing/jani-payments-typescript-code-samples
                labelOverride:
                    fixedValue: Typescript (SDK)
                blocking: false
